
Microsoft Visual Studio Solution File, Format Version 12.00
# Visual Studio 2013
VisualStudioVersion = 12.0.21005.1
MinimumVisualStudioVersion = 10.0.40219.1
Project("{FAE04EC0-301F-11D3-BF4B-00C04F79EFBC}") = "RomanNumeralKata", "RomanNumeralKata\RomanNumeralKata.csproj", "{DCAA5A1B-AA90-4ED0-96FA-C1B7ABBA1C3E}"
EndProject
Project("{FAE04EC0-301F-11D3-BF4B-00C04F79EFBC}") = "RomanNumeralKata.Tests", "RomanNumeralKata.Tests\RomanNumeralKata.Tests.csproj", "{5D5C46E4-3863-4F6C-816E-8E5C7E8CC2B4}"
EndProject
Global
	GlobalSection(SolutionConfigurationPlatforms) = preSolution
		Debug|Any CPU = Debug|Any CPU
		Release|Any CPU = Release|Any CPU
	EndGlobalSection
	GlobalSection(ProjectConfigurationPlatforms) = postSolution
		{DCAA5A1B-AA90-4ED0-96FA-C1B7ABBA1C3E}.Debug|Any CPU.ActiveCfg = Debug|Any CPU
		{DCAA5A1B-AA90-4ED0-96FA-C1B7ABBA1C3E}.Debug|Any CPU.Build.0 = Debug|Any CPU
		{DCAA5A1B-AA90-4ED0-96FA-C1B7ABBA1C3E}.Release|Any CPU.ActiveCfg = Release|Any CPU
		{DCAA5A1B-AA90-4ED0-96FA-C1B7ABBA1C3E}.Release|Any CPU.Build.0 = Release|Any CPU
		{5D5C46E4-3863-4F6C-816E-8E5C7E8CC2B4}.Debug|Any CPU.ActiveCfg = Debug|Any CPU
		{5D5C46E4-3863-4F6C-816E-8E5C7E8CC2B4}.Debug|Any CPU.Build.0 = Debug|Any CPU
		{5D5C46E4-3863-4F6C-816E-8E5C7E8CC2B4}.Release|Any CPU.ActiveCfg = Release|Any CPU
		{5D5C46E4-3863-4F6C-816E-8E5C7E8CC2B4}.Release|Any CPU.Build.0 = Release|Any CPU
	EndGlobalSection
	GlobalSection(SolutionProperties) = preSolution
		HideSolutionNode = FALSE
	EndGlobalSection
EndGlobal
